<?xml version="1.0" encoding="utf-8"?>
<Project ToolsVersion="4.0" xmlns="http://schemas.microsoft.com/developer/msbuild/2003">
  <ItemGroup>
    <Filter Include="Source Files">
      <UniqueIdentifier>{4FC737F1-C7A5-4376-A066-2A32D752A2FF}</UniqueIdentifier>
      <Extensions>cpp;c;cc;cxx;def;odl;idl;hpj;bat;asm;asmx</Extensions>
    </Filter>
    <Filter Include="Header Files">
      <UniqueIdentifier>{93995380-89BD-4b04-88EB-625FBE52EBFB}</UniqueIdentifier>
      <Extensions>h;hh;hpp;hxx;hm;inl;inc;ipp;xsd</Extensions>
    </Filter>
    <Filter Include="Textures">
      <UniqueIdentifier>{b5a36503-1ac1-44c6-bd0b-b12682cdd3b9}</UniqueIdentifier>
    </Filter>
    <Filter Include="Header Files\AI">
      <UniqueIdentifier>{426b540c-3f0b-420e-9c55-3efa076eedeb}</UniqueIdentifier>
    </Filter>
    <Filter Include="Source Files\AI">
      <UniqueIdentifier>{15596309-a622-4f9a-9da4-753ee85b2602}</UniqueIdentifier>
    </Filter>
    <Filter Include="Header Files\Actor">
      <UniqueIdentifier>{a9a6e43f-3c62-4080-be9d-0fdcadade286}</UniqueIdentifier>
    </Filter>
    <Filter Include="Source Files\Actor">
      <UniqueIdentifier>{4468ac9b-1bea-49f5-bc20-08a7f1c5a812}</UniqueIdentifier>
    </Filter>
    <Filter Include="Header Files\AI\Behaviours">
      <UniqueIdentifier>{f665b923-da0b-49aa-b4d6-44f558f1447d}</UniqueIdentifier>
    </Filter>
    <Filter Include="Source Files\AI\Behaviours">
      <UniqueIdentifier>{5110cf22-ca98-4ef3-90cd-e86c1bb9ca9c}</UniqueIdentifier>
    </Filter>
    <Filter Include="Header Files\AI\Decisions">
      <UniqueIdentifier>{e209241d-0f8b-49e6-aeca-293f068f4ae2}</UniqueIdentifier>
    </Filter>
    <Filter Include="Source Files\AI\Decisions">
      <UniqueIdentifier>{9902ef46-9da8-45fc-a756-1c92fd2f727e}</UniqueIdentifier>
    </Filter>
    <Filter Include="Source Files\Graph">
      <UniqueIdentifier>{bd6a929f-c20a-4afd-9be9-1b2cd2b1e923}</UniqueIdentifier>
    </Filter>
    <Filter Include="Header Files\Graph">
      <UniqueIdentifier>{eadddb2f-fe32-4470-b524-7966d836a300}</UniqueIdentifier>
    </Filter>
  </ItemGroup>
  <ItemGroup>
    <ClCompile Include="main.cpp">
      <Filter>Source Files</Filter>
    </ClCompile>
    <ClCompile Include="Game.cpp">
      <Filter>Source Files</Filter>
    </ClCompile>
    <ClCompile Include="Scene.cpp">
      <Filter>Source Files</Filter>
    </ClCompile>
    <ClCompile Include="Sprite.cpp">
      <Filter>Source Files</Filter>
    </ClCompile>
    <ClCompile Include="Actor.cpp">
      <Filter>Source Files\Actor</Filter>
    </ClCompile>
    <ClCompile Include="Bullet.cpp">
      <Filter>Source Files\Actor</Filter>
    </ClCompile>
    <ClCompile Include="Player.cpp">
      <Filter>Source Files\Actor</Filter>
    </ClCompile>
    <ClCompile Include="Agent.cpp">
      <Filter>Source Files\AI</Filter>
    </ClCompile>
    <ClCompile Include="Character.cpp">
      <Filter>Source Files\Actor</Filter>
    </ClCompile>
    <ClCompile Include="Enemy.cpp">
      <Filter>Source Files\Actor</Filter>
    </ClCompile>
    <ClCompile Include="SimpleEnemy.cpp">
      <Filter>Source Files\Actor</Filter>
    </ClCompile>
    <ClCompile Include="ABDecision.cpp">
      <Filter>Source Files\AI\Decisions</Filter>
    </ClCompile>
    <ClCompile Include="ArrivalBehaviour.cpp">
      <Filter>Source Files\AI\Behaviours</Filter>
    </ClCompile>
    <ClCompile Include="EvadeBehaviour.cpp">
      <Filter>Source Files\AI\Behaviours</Filter>
    </ClCompile>
    <ClCompile Include="FleeBehaviour.cpp">
      <Filter>Source Files\AI\Behaviours</Filter>
    </ClCompile>
    <ClCompile Include="PursueBehaviour.cpp">
      <Filter>Source Files\AI\Behaviours</Filter>
    </ClCompile>
    <ClCompile Include="SeekBehaviour.cpp">
      <Filter>Source Files\AI\Behaviours</Filter>
    </ClCompile>
    <ClCompile Include="WanderBehaviour.cpp">
      <Filter>Source Files\AI\Behaviours</Filter>
    </ClCompile>
    <ClCompile Include="ComplexEnemy.cpp">
      <Filter>Source Files\Actor</Filter>
    </ClCompile>
    <ClCompile Include="DecisionBehaviour.cpp">
      <Filter>Source Files\AI\Decisions</Filter>
    </ClCompile>
    <ClCompile Include="PursueDecision.cpp">
      <Filter>Source Files\AI\Decisions</Filter>
    </ClCompile>
    <ClCompile Include="WanderDecision.cpp">
      <Filter>Source Files\AI\Decisions</Filter>
    </ClCompile>
    <ClCompile Include="EvadeDecision.cpp">
      <Filter>Source Files\AI\Decisions</Filter>
    </ClCompile>
    <ClCompile Include="SeePlayerDecision.cpp">
      <Filter>Source Files\AI\Decisions</Filter>
    </ClCompile>
    <ClCompile Include="CheckHealth.cpp">
      <Filter>Source Files\AI\Decisions</Filter>
    </ClCompile>
    <ClCompile Include="Edge.cpp">
      <Filter>Source Files\Graph</Filter>
    </ClCompile>
    <ClCompile Include="Node.cpp">
      <Filter>Source Files\Graph</Filter>
    </ClCompile>
    <ClCompile Include="Graph.cpp">
      <Filter>Source Files\Graph</Filter>
    </ClCompile>
  </ItemGroup>
  <ItemGroup>
    <ClInclude Include="Game.h">
      <Filter>Header Files</Filter>
    </ClInclude>
    <ClInclude Include="Scene.h">
      <Filter>Header Files</Filter>
    </ClInclude>
    <ClInclude Include="Sprite.h">
      <Filter>Header Files</Filter>
    </ClInclude>
    <ClInclude Include="Actor.h">
      <Filter>Header Files\Actor</Filter>
    </ClInclude>
    <ClInclude Include="Player.h">
      <Filter>Header Files\Actor</Filter>
    </ClInclude>
    <ClInclude Include="Bullet.h">
      <Filter>Header Files\Actor</Filter>
    </ClInclude>
    <ClInclude Include="Agent.h">
      <Filter>Header Files\AI</Filter>
    </ClInclude>
    <ClInclude Include="Character.h">
      <Filter>Header Files\Actor</Filter>
    </ClInclude>
    <ClInclude Include="Enemy.h">
      <Filter>Header Files\Actor</Filter>
    </ClInclude>
    <ClInclude Include="SimpleEnemy.h">
      <Filter>Header Files\Actor</Filter>
    </ClInclude>
    <ClInclude Include="ABDecision.h">
      <Filter>Header Files\AI\Decisions</Filter>
    </ClInclude>
    <ClInclude Include="Decision.h">
      <Filter>Header Files\AI\Decisions</Filter>
    </ClInclude>
    <ClInclude Include="ArrivalBehaviour.h">
      <Filter>Header Files\AI\Behaviours</Filter>
    </ClInclude>
    <ClInclude Include="Behaviour.h">
      <Filter>Header Files\AI\Behaviours</Filter>
    </ClInclude>
    <ClInclude Include="EvadeBehaviour.h">
      <Filter>Header Files\AI\Behaviours</Filter>
    </ClInclude>
    <ClInclude Include="FleeBehaviour.h">
      <Filter>Header Files\AI\Behaviours</Filter>
    </ClInclude>
    <ClInclude Include="PursueBehaviour.h">
      <Filter>Header Files\AI\Behaviours</Filter>
    </ClInclude>
    <ClInclude Include="SeekBehaviour.h">
      <Filter>Header Files\AI\Behaviours</Filter>
    </ClInclude>
    <ClInclude Include="ComplexEnemy.h">
      <Filter>Header Files\Actor</Filter>
    </ClInclude>
    <ClInclude Include="SteeringBehaviour.h">
      <Filter>Header Files\AI\Behaviours</Filter>
    </ClInclude>
    <ClInclude Include="WanderBehaviour.h">
      <Filter>Header Files\AI\Behaviours</Filter>
    </ClInclude>
    <ClInclude Include="PursueDecision.h">
      <Filter>Header Files\AI\Decisions</Filter>
    </ClInclude>
    <ClInclude Include="DecisionBehaviour.h">
      <Filter>Header Files\AI\Decisions</Filter>
    </ClInclude>
    <ClInclude Include="WanderDecision.h">
      <Filter>Header Files\AI\Decisions</Filter>
    </ClInclude>
    <ClInclude Include="EvadeDecision.h">
      <Filter>Header Files\AI\Decisions</Filter>
    </ClInclude>
    <ClInclude Include="SeePlayer.h">
      <Filter>Header Files\AI\Decisions</Filter>
    </ClInclude>
    <ClInclude Include="CheckHealth.h">
      <Filter>Header Files\AI\Decisions</Filter>
    </ClInclude>
    <ClInclude Include="Edge.h">
      <Filter>Header Files\Graph</Filter>
    </ClInclude>
    <ClInclude Include="Node.h">
      <Filter>Header Files\Graph</Filter>
    </ClInclude>
    <ClInclude Include="Graph.h">
      <Filter>Header Files\Graph</Filter>
    </ClInclude>
  </ItemGroup>
  <ItemGroup>
    <Image Include="Images\player.png">
      <Filter>Textures</Filter>
    </Image>
    <Image Include="Images\bullet.png">
      <Filter>Textures</Filter>
    </Image>
    <Image Include="Images\enemy.png">
      <Filter>Textures</Filter>
    </Image>
  </ItemGroup>
</Project>